
Microsoft Visual Studio Solution File, Format Version 12.00
# Visual Studio Version 17
VisualStudioVersion = 17.1.32328.378
MinimumVisualStudioVersion = 10.0.40219.1
Project("{FAE04EC0-301F-11D3-BF4B-00C04F79EFBC}") = "BugLifeSimulator", "BugLifeSimulator\BugLifeSimulator.csproj", "{36F301FD-E16F-441F-9558-ED5E89B9F9B4}"
EndProject
Global
	GlobalSection(SolutionConfigurationPlatforms) = preSolution
		Debug|Any CPU = Debug|Any CPU
		Release|Any CPU = Release|Any CPU
	EndGlobalSection
	GlobalSection(ProjectConfigurationPlatforms) = postSolution
		{36F301FD-E16F-441F-9558-ED5E89B9F9B4}.Debug|Any CPU.ActiveCfg = Debug|Any CPU
		{36F301FD-E16F-441F-9558-ED5E89B9F9B4}.Debug|Any CPU.Build.0 = Debug|Any CPU
		{36F301FD-E16F-441F-9558-ED5E89B9F9B4}.Release|Any CPU.ActiveCfg = Release|Any CPU
		{36F301FD-E16F-441F-9558-ED5E89B9F9B4}.Release|Any CPU.Build.0 = Release|Any CPU
	EndGlobalSection
	GlobalSection(SolutionProperties) = preSolution
		HideSolutionNode = FALSE
	EndGlobalSection
	GlobalSection(ExtensibilityGlobals) = postSolution
		SolutionGuid = {5FF4CDFF-20C8-4926-86DE-1FEB0AA35A5D}
	EndGlobalSection
EndGlobal
